PODS:
  - Capacitor (7.4.2):
    - CapacitorCordova
  - CapacitorCordova (7.4.2)
  - CapacitorFilesystem (7.1.2):
    - Capacitor
    - IONFilesystemLib (~> 1.0)
  - CapacitorHaptics (7.0.1):
    - Capacitor
  - CapacitorNetwork (7.0.1):
    - Capacitor
  - CapacitorSplashScreen (7.0.1):
    - Capacitor
  - CapacitorStatusBar (7.0.1):
    - Capacitor
  - IONFilesystemLib (1.0.0)

DEPENDENCIES:
  - "Capacitor (from `../../node_modules/@capacitor/ios`)"
  - "CapacitorCordova (from `../../node_modules/@capacitor/ios`)"
  - "CapacitorFilesystem (from `../../node_modules/@capacitor/filesystem`)"
  - "CapacitorHaptics (from `../../node_modules/@capacitor/haptics`)"
  - "CapacitorNetwork (from `../../node_modules/@capacitor/network`)"
  - "CapacitorSplashScreen (from `../../node_modules/@capacitor/splash-screen`)"
  - "CapacitorStatusBar (from `../../node_modules/@capacitor/status-bar`)"

SPEC REPOS:
  trunk:
    - IONFilesystemLib

EXTERNAL SOURCES:
  Capacitor:
    :path: "../../node_modules/@capacitor/ios"
  CapacitorCordova:
    :path: "../../node_modules/@capacitor/ios"
  CapacitorFilesystem:
    :path: "../../node_modules/@capacitor/filesystem"
  CapacitorHaptics:
    :path: "../../node_modules/@capacitor/haptics"
  CapacitorNetwork:
    :path: "../../node_modules/@capacitor/network"
  CapacitorSplashScreen:
    :path: "../../node_modules/@capacitor/splash-screen"
  CapacitorStatusBar:
    :path: "../../node_modules/@capacitor/status-bar"

SPEC CHECKSUMS:
  Capacitor: 9d9e481b79ffaeacaf7a85d6a11adec32bd33b59
  CapacitorCordova: 5e58d04631bc5094894ac106e2bf1da18a9e6151
  CapacitorFilesystem: 337eeaf16a9fa5a44d2329df411523fa3a9a6ee9
  CapacitorHaptics: 1f1e17041f435d8ead9ff2a34edd592c6aa6a8d6
  CapacitorNetwork: 15cb4385f0913a8ceb5e9a4d7af1ec554bdb8de8
  CapacitorSplashScreen: 1d67815a422a9b61539c94f283c08ed56667c0fc
  CapacitorStatusBar: 6e7af040d8fc4dd655999819625cae9c2d74c36f
  IONFilesystemLib: ceacae793975039530458eabab0c495c70515a0d

PODFILE CHECKSUM: 695644e586a3f2001468d677427542d89aa737e9

COCOAPODS: 1.16.2
